// !$*UTF8*$!
{
	archiveVersion = 1;
	classes = {
	};
	objectVersion = 46;
	objects = {

/* Begin PBXBuildFile section */
		B2940EE21DB0DFAC00F0F392 /* AppDelegate.swift in Sources */ = {isa = PBXBuildFile; fileRef = B2940EE11DB0DFAC00F0F392 /* AppDelegate.swift */; };
		B2940EE41DB0DFAC00F0F392 /* ViewController.swift in Sources */ = {isa = PBXBuildFile; fileRef = B2940EE31DB0DFAC00F0F392 /* ViewController.swift */; };
		B2940EE71DB0DFAC00F0F392 /* Main.storyboard in Resources */ = {isa = PBXBuildFile; fileRef = B2940EE51DB0DFAC00F0F392 /* Main.storyboard */; };
		B2940EE91DB0DFAC00F0F392 /* Assets.xcassets in Resources */ = {isa = PBXBuildFile; fileRef = B2940EE81DB0DFAC00F0F392 /* Assets.xcassets */; };
		B2940EEC1DB0DFAC00F0F392 /* LaunchScreen.storyboard in Resources */ = {isa = PBXBuildFile; fileRef = B2940EEA1DB0DFAC00F0F392 /* LaunchScreen.storyboard */; };
/* End PBXBuildFile section */

/* Begin PBXFileReference section */
		B2940EDE1DB0DFAC00F0F392 /* EcpplusWebView.app */ = {isa = PBXFileReference; explicitFileType = wrapper.application; includeInIndex = 0; path = EcpplusWebView.app; sourceTree = BUILT_PRODUCTS_DIR; };
		B2940EE11DB0DFAC00F0F392 /* AppDelegate.swift */ = {isa = PBXFileReference; lastKnownFileType = sourcecode.swift; path = AppDelegate.swift; sourceTree = "<group>"; };
		B2940EE31DB0DFAC00F0F392 /* ViewController.swift */ = {isa = PBXFileReference; lastKnownFileType = sourcecode.swift; path = ViewController.swift; sourceTree = "<group>"; };
		B2940EE61DB0DFAC00F0F392 /* Base */ = {isa = PBXFileReference; lastKnownFileType = file.storyboard; name = Base; path = Base.lproj/Main.storyboard; sourceTree = "<group>"; };
		B2940EE81DB0DFAC00F0F392 /* Assets.xcassets */ = {isa = PBXFileReference; lastKnownFileType = folder.assetcatalog; path = Assets.xcassets; sourceTree = "<group>"; };
		B2940EEB1DB0DFAC00F0F392 /* Base */ = {isa = PBXFileReference; lastKnownFileType = file.storyboard; name = Base; path = Base.lproj/LaunchScreen.storyboard; sourceTree = "<group>"; };
		B2940EED1DB0DFAC00F0F392 /* Info.plist */ = {isa = PBXFileReference; lastKnownFileType = text.plist.xml; path = Info.plist; sourceTree = "<group>"; };
/* End PBXFileReference section */

/* Begin PBXFrameworksBuildPhase section */
		B2940EDB1DB0DFAC00F0F392 /* Frameworks */ = {
			isa = PBXFrameworksBuildPhase;
			buildActionMask = 2147483647;
			files = (
			);
			runOnlyForDeploymentPostprocessing = 0;
		};
/* End PBXFrameworksBuildPhase section */

/* Begin PBXGroup section */
		B2940ED51DB0DFAC00F0F392 = {
			isa = PBXGroup;
			children = (
				B2940EE01DB0DFAC00F0F392 /* EcpplusWebView */,
				B2940EDF1DB0DFAC00F0F392 /* Products */,
			);
			sourceTree = "<group>";
		};
		B2940EDF1DB0DFAC00F0F392 /* Products */ = {
			isa = PBXGroup;
			children = (
				B2940EDE1DB0DFAC00F0F392 /* EcpplusWebView.app */,
			);
			name = Products;
			sourceTree = "<group>";
		};
		B2940EE01DB0DFAC00F0F392 /* EcpplusWebView */ = {
			isa = PBXGroup;
			children = (
				B2940EE11DB0DFAC00F0F392 /* AppDelegate.swift */,
				B2940EE31DB0DFAC00F0F392 /* ViewController.swift */,
				B2940EE51DB0DFAC00F0F392 /* Main.storyboard */,
				B2940EE81DB0DFAC00F0F392 /* Assets.xcassets */,
				B2940EEA1DB0DFAC00F0F392 /* LaunchScreen.storyboard */,
				B2940EED1DB0DFAC00F0F392 /* Info.plist */,
			);
			path = EcpplusWebView;
			sourceTree = "<group>";
		};
/* End PBXGroup section */

/* Begin PBXNativeTarget section */
		B2940EDD1DB0DFAC00F0F392 /* EcpplusWebView */ = {
			isa = PBXNativeTarget;
			buildConfigurationList = B2940EF01DB0DFAC00F0F392 /* Build configuration list for PBXNativeTarget "EcpplusWebView" */;
			buildPhases = (
				B2940EDA1DB0DFAC00F0F392 /* Sources */,
				B2940EDB1DB0DFAC00F0F392 /* Frameworks */,
				B2940EDC1DB0DFAC00F0F392 /* Resources */,
			);
			buildRules = (
			);
			dependencies = (
			);
			name = EcpplusWebView;
			productName = EcpplusWebView;
			productReference = B2940EDE1DB0DFAC00F0F392 /* EcpplusWebView.app */;
			productType = "com.apple.product-type.application";
		};
/* End PBXNativeTarget section */

/* Begin PBXProject section */
		B2940ED61DB0DFAC00F0F392 /* Project object */ = {
			isa = PBXProject;
			attributes = {
				LastSwiftUpdateCheck = 0800;
				LastUpgradeCheck = 0800;
				ORGANIZATIONNAME = chu;
				TargetAttributes = {
					B2940EDD1DB0DFAC00F0F392 = {
						CreatedOnToolsVersion = 8.0;
						DevelopmentTeam = HY539PDYYK;
						ProvisioningStyle = Automatic;
					};
				};
			};
			buildConfigurationList = B2940ED91DB0DFAC00F0F392 /* Build configuration list for PBXProject "EcpplusWebView" */;
			compatibilityVersion = "Xcode 3.2";
			developmentRegion = English;
			hasScannedForEncodings = 0;
			knownRegions = (
				en,
				Base,
			);
			mainGroup = B2940ED51DB0DFAC00F0F392;
			productRefGroup = B2940EDF1DB0DFAC00F0F392 /* Products */;
			projectDirPath = "";
			projectRoot = "";
			targets = (
				B2940EDD1DB0DFAC00F0F392 /* EcpplusWebView */,
			);
		};
/* End PBXProject section */

/* Begin PBXResourcesBuildPhase section */
		B2940EDC1DB0DFAC00F0F392 /* Resources */ = {
			isa = PBXResourcesBuildPhase;
			buildActionMask = 2147483647;
			files = (
				B2940EEC1DB0DFAC00F0F392 /* LaunchScreen.storyboard in Resources */,
				B2940EE91DB0DFAC00F0F392 /* Assets.xcassets in Resources */,
				B2940EE71DB0DFAC00F0F392 /* Main.storyboard in Resources */,
			);
			runOnlyForDeploymentPostprocessing = 0;
		};
/* End PBXResourcesBuildPhase section */

/* Begin PBXSourcesBuildPhase section */
		B2940EDA1DB0DFAC00F0F392 /* Sources */ = {
			isa = PBXSourcesBuildPhase;
			buildActionMask = 2147483647;
			files = (
				B2940EE41DB0DFAC00F0F392 /* ViewController.swift in Sources */,
				B2940EE21DB0DFAC00F0F392 /* AppDelegate.swift in Sources */,
			);
			runOnlyForDeploymentPostprocessing = 0;
		};
/* End PBXSourcesBuildPhase section */

/* Begin PBXVariantGroup section */
		B2940EE51DB0DFAC00F0F392 /* Main.storyboard */ = {
			isa = PBXVariantGroup;
			children = (
				B2940EE61DB0DFAC00F0F392 /* Base */,
			);
			name = Main.storyboard;
			sourceTree = "<group>";
		};
		B2940EEA1DB0DFAC00F0F392 /* LaunchScreen.storyboard */ = {
			isa = PBXVariantGroup;
			children = (
				B2940EEB1DB0DFAC00F0F392 /* Base */,
			);
			name = LaunchScreen.storyboard;
			sourceTree = "<group>";
		};
/* End PBXVariantGroup section */

/* Begin XCBuildConfiguration section */
		B2940EEE1DB0DFAC00F0F392 /* Debug */ = {
			isa = XCBuildConfiguration;
			buildSettings = {
				ALWAYS_SEARCH_USER_PATHS = NO;
				CLANG_ANALYZER_NONNULL = YES;
				CLANG_CXX_LANGUAGE_STANDARD = "gnu++0x";
				CLANG_CXX_LIBRARY = "libc++";
				CLANG_ENABLE_MODULES = YES;
				CLANG_ENABLE_OBJC_ARC = YES;
				CLANG_WARN_BOOL_CONVERSION = YES;
				CLANG_WARN_CONSTANT_CONVERSION = YES;
				CLANG_WARN_DIRECT_OBJC_ISA_USAGE = YES_ERROR;
				CLANG_WARN_DOCUMENTATION_COMMENTS = YES;
				CLANG_WARN_EMPTY_BODY = YES;
				CLANG_WARN_ENUM_CONVERSION = YES;
				CLANG_WARN_INFINITE_RECURSION = YES;
				CLANG_WARN_INT_CONVERSION = YES;
				CLANG_WARN_OBJC_ROOT_CLASS = YES_ERROR;
				CLANG_WARN_SUSPICIOUS_MOVES = YES;
				CLANG_WARN_UNREACHABLE_CODE = YES;
				CLANG_WARN__DUPLICATE_METHOD_MATCH = YES;
				"CODE_SIGN_IDENTITY[sdk=iphoneos*]" = "iPhone Developer";
				COPY_PHASE_STRIP = NO;
				DEBUG_INFORMATION_FORMAT = dwarf;
				ENABLE_STRICT_OBJC_MSGSEND = YES;
				ENABLE_TESTABILITY = YES;
				GCC_C_LANGUAGE_STANDARD = gnu99;
				GCC_DYNAMIC_NO_PIC = NO;
				GCC_NO_COMMON_BLOCKS = YES;
				GCC_OPTIMIZATION_LEVEL = 0;
				GCC_PREPROCESSOR_DEFINITIONS = (
					"DEBUG=1",
					"$(inherited)",
				);
				GCC_WARN_64_TO_32_BIT_CONVERSION = YES;
				GCC_WARN_ABOUT_RETURN_TYPE = YES_ERROR;
				GCC_WARN_UNDECLARED_SELECTOR = YES;
				GCC_WARN_UNINITIALIZED_AUTOS = YES_AGGRESSIVE;
				GCC_WARN_UNUSED_FUNCTION = YES;
				GCC_WARN_UNUSED_VARIABLE = YES;
				IPHONEOS_DEPLOYMENT_TARGET = 10.0;
				MTL_ENABLE_DEBUG_INFO = YES;
				ONLY_ACTIVE_ARCH = YES;
				SDKROOT = iphoneos;
				SWIFT_ACTIVE_COMPILATION_CONDITIONS = DEBUG;
				SWIFT_OPTIMIZATION_LEVEL = "-Onone";
			};
			name = Debug;
		};
		B2940EEF1DB0DFAC00F0F392 /* Release */ = {
			isa = XCBuildConfiguration;
			buildSettings = {
				ALWAYS_SEARCH_USER_PATHS = NO;
				CLANG_ANALYZER_NONNULL = YES;
				CLANG_CXX_LANGUAGE_STANDARD = "gnu++0x";
				CLANG_CXX_LIBRARY = "libc++";
				CLANG_ENABLE_MODULES = YES;
				CLANG_ENABLE_OBJC_ARC = YES;
				CLANG_WARN_BOOL_CONVERSION = YES;
				CLANG_WARN_CONSTANT_CONVERSION = YES;
				CLANG_WARN_DIRECT_OBJC_ISA_USAGE = YES_ERROR;
				CLANG_WARN_DOCUMENTATION_COMMENTS = YES;
				CLANG_WARN_EMPTY_BODY = YES;
				CLANG_WARN_ENUM_CONVERSION = YES;
				CLANG_WARN_INFINITE_RECURSION = YES;
				CLANG_WARN_INT_CONVERSION = YES;
				CLANG_WARN_OBJC_ROOT_CLASS = YES_ERROR;
				CLANG_WARN_SUSPICIOUS_MOVES = YES;
				CLANG_WARN_UNREACHABLE_CODE = YES;
				CLANG_WARN__DUPLICATE_METHOD_MATCH = YES;
				"CODE_SIGN_IDENTITY[sdk=iphoneos*]" = "iPhone Developer";
				COPY_PHASE_STRIP = NO;
				DEBUG_INFORMATION_FORMAT = "dwarf-with-dsym";
				ENABLE_NS_ASSERTIONS = NO;
				ENABLE_STRICT_OBJC_MSGSEND = YES;
				GCC_C_LANGUAGE_STANDARD = gnu99;
				GCC_NO_COMMON_BLOCKS = YES;
				GCC_WARN_64_TO_32_BIT_CONVERSION = YES;
				GCC_WARN_ABOUT_RETURN_TYPE = YES_ERROR;
				GCC_WARN_UNDECLARED_SELECTOR = YES;
				GCC_WARN_UNINITIALIZED_AUTOS = YES_AGGRESSIVE;
				GCC_WARN_UNUSED_FUNCTION = YES;
				GCC_WARN_UNUSED_VARIABLE = YES;
				IPHONEOS_DEPLOYMENT_TARGET = 10.0;
				MTL_ENABLE_DEBUG_INFO = NO;
				SDKROOT = iphoneos;
				SWIFT_OPTIMIZATION_LEVEL = "-Owholemodule";
				VALIDATE_PRODUCT = YES;
			};
			name = Release;
		};
		B2940EF11DB0DFAC00F0F392 /* Debug */ = {
			isa = XCBuildConfiguration;
			buildSettings = {
				ASSETCATALOG_COMPILER_APPICON_NAME = AppIcon;
				DEVELOPMENT_TEAM = HY539PDYYK;
				INFOPLIST_FILE = EcpplusWebView/Info.plist;
				LD_RUNPATH_SEARCH_PATHS = "$(inherited) @executable_path/Frameworks";
				PRODUCT_BUNDLE_IDENTIFIER = plus.ecp.ios.EcpplusWebView;
				PRODUCT_NAME = "$(TARGET_NAME)";
				SWIFT_VERSION = 3.0;
			};
			name = Debug;
		};
		B2940EF21DB0DFAC00F0F392 /* Release */ = {
			isa = XCBuildConfiguration;
			buildSettings = {
				ASSETCATALOG_COMPILER_APPICON_NAME = AppIcon;
				DEVELOPMENT_TEAM = HY539PDYYK;
				INFOPLIST_FILE = EcpplusWebView/Info.plist;
				LD_RUNPATH_SEARCH_PATHS = "$(inherited) @executable_path/Frameworks";
				PRODUCT_BUNDLE_IDENTIFIER = plus.ecp.ios.EcpplusWebView;
				PRODUCT_NAME = "$(TARGET_NAME)";
				SWIFT_VERSION = 3.0;
			};
			name = Release;
		};
/* End XCBuildConfiguration section */

/* Begin XCConfigurationList section */
		B2940ED91DB0DFAC00F0F392 /* Build configuration list for PBXProject "EcpplusWebView" */ = {
			isa = XCConfigurationList;
			buildConfigurations = (
				B2940EEE1DB0DFAC00F0F392 /* Debug */,
				B2940EEF1DB0DFAC00F0F392 /* Release */,
			);
			defaultConfigurationIsVisible = 0;
			defaultConfigurationName = Release;
		};
		B2940EF01DB0DFAC00F0F392 /* Build configuration list for PBXNativeTarget "EcpplusWebView" */ = {
			isa = XCConfigurationList;
			buildConfigurations = (
				B2940EF11DB0DFAC00F0F392 /* Debug */,
				B2940EF21DB0DFAC00F0F392 /* Release */,
			);
			defaultConfigurationIsVisible = 0;
		};
/* End XCConfigurationList section */
	};
	rootObject = B2940ED61DB0DFAC00F0F392 /* Project object */;
}
